<?xml version="1.0" encoding="utf-8"?>
<Project ToolsVersion="4.0" xmlns="http://schemas.microsoft.com/developer/msbuild/2003">
  <ItemGroup>
    <Filter Include="Source Files">
      <UniqueIdentifier>{4FC737F1-C7A5-4376-A066-2A32D752A2FF}</UniqueIdentifier>
      <Extensions>cpp;c;cc;cxx;c++;cppm;ixx;def;odl;idl;hpj;bat;asm;asmx</Extensions>
    </Filter>
    <Filter Include="Header Files">
      <UniqueIdentifier>{93995380-89BD-4b04-88EB-625FBE52EBFB}</UniqueIdentifier>
      <Extensions>h;hh;hpp;hxx;h++;hm;inl;inc;ipp;xsd</Extensions>
    </Filter>
    <Filter Include="Resource Files">
      <UniqueIdentifier>{67DA6AB6-F800-4c08-8B7A-83BB121AAD01}</UniqueIdentifier>
      <Extensions>rc;ico;cur;bmp;dlg;rc2;rct;bin;rgs;gif;jpg;jpeg;jpe;resx;tiff;tif;png;wav;mfcribbon-ms</Extensions>
    </Filter>
    <Filter Include="Source Files\Output">
      <UniqueIdentifier>{699ddeda-a6c3-48b0-891d-d00dae8d90bb}</UniqueIdentifier>
    </Filter>
    <Filter Include="Source Files\Utility">
      <UniqueIdentifier>{03d6e4ea-d4d5-44db-9743-b8f863a62dc5}</UniqueIdentifier>
    </Filter>
  </ItemGroup>
  <ItemGroup>
    <ClCompile Include="source\WASAPI.cpp">
      <Filter>Source Files\Output</Filter>
    </ClCompile>
    <ClCompile Include="source\AudioEngine.cpp">
      <Filter>Source Files</Filter>
    </ClCompile>
    <ClCompile Include="source\Definitions.cpp">
      <Filter>Source Files</Filter>
    </ClCompile>
    <ClCompile Include="source\Mixer.cpp">
      <Filter>Source Files</Filter>
    </ClCompile>
    <ClCompile Include="source\SoundAsset.cpp">
      <Filter>Source Files</Filter>
    </ClCompile>
    <ClCompile Include="source\SoundInstance.cpp">
      <Filter>Source Files</Filter>
    </ClCompile>
    <ClCompile Include="source\ogg\stb_vorbis.cpp">
      <Filter>Source Files\Utility</Filter>
    </ClCompile>
    <ClCompile Include="source\Atomics.cpp">
      <Filter>Source Files\Utility</Filter>
    </ClCompile>
    <ClCompile Include="source\ChannelTranslation.cpp">
      <Filter>Source Files\Utility</Filter>
    </ClCompile>
    <ClCompile Include="source\Effects.cpp">
      <Filter>Source Files\Utility</Filter>
    </ClCompile>
    <ClCompile Include="source\FileDecoder.cpp">
      <Filter>Source Files\Utility</Filter>
    </ClCompile>
    <ClCompile Include="source\Interpolator.cpp">
      <Filter>Source Files\Utility</Filter>
    </ClCompile>
    <ClCompile Include="source\Math.cpp">
      <Filter>Source Files\Utility</Filter>
    </ClCompile>
    <ClCompile Include="source\PitchChange.cpp">
      <Filter>Source Files\Utility</Filter>
    </ClCompile>
    <ClCompile Include="source\PositionalAudio.cpp">
      <Filter>Source Files\Utility</Filter>
    </ClCompile>
    <ClCompile Include="source\Resampler.cpp">
      <Filter>Source Files\Utility</Filter>
    </ClCompile>
    <ClCompile Include="source\RingBuffer.cpp">
      <Filter>Source Files\Utility</Filter>
    </ClCompile>
    <ClCompile Include="source\VolumeModifier.cpp">
      <Filter>Source Files\Utility</Filter>
    </ClCompile>
  </ItemGroup>
  <ItemGroup>
    <ClInclude Include="source\WASAPI.h">
      <Filter>Source Files\Output</Filter>
    </ClInclude>
    <ClInclude Include="source\AudioEngine.h">
      <Filter>Source Files</Filter>
    </ClInclude>
    <ClInclude Include="source\Definitions.h">
      <Filter>Source Files</Filter>
    </ClInclude>
    <ClInclude Include="source\Mixer.h">
      <Filter>Source Files</Filter>
    </ClInclude>
    <ClInclude Include="source\SoundAsset.h">
      <Filter>Source Files</Filter>
    </ClInclude>
    <ClInclude Include="source\SoundInstance.h">
      <Filter>Source Files</Filter>
    </ClInclude>
    <ClInclude Include="source\ogg\stb_vorbis.h">
      <Filter>Source Files\Utility</Filter>
    </ClInclude>
    <ClInclude Include="source\AEMath.h">
      <Filter>Source Files\Utility</Filter>
    </ClInclude>
    <ClInclude Include="source\Atomics.h">
      <Filter>Source Files\Utility</Filter>
    </ClInclude>
    <ClInclude Include="source\ChannelTranslation.h">
      <Filter>Source Files\Utility</Filter>
    </ClInclude>
    <ClInclude Include="source\Effects.h">
      <Filter>Source Files\Utility</Filter>
    </ClInclude>
    <ClInclude Include="source\FileDecoder.h">
      <Filter>Source Files\Utility</Filter>
    </ClInclude>
    <ClInclude Include="source\Functor.hpp">
      <Filter>Source Files\Utility</Filter>
    </ClInclude>
    <ClInclude Include="source\InList.hpp">
      <Filter>Source Files\Utility</Filter>
    </ClInclude>
    <ClInclude Include="source\Interpolator.h">
      <Filter>Source Files\Utility</Filter>
    </ClInclude>
    <ClInclude Include="source\PitchChange.h">
      <Filter>Source Files\Utility</Filter>
    </ClInclude>
    <ClInclude Include="source\PositionalAudio.h">
      <Filter>Source Files\Utility</Filter>
    </ClInclude>
    <ClInclude Include="source\Resampler.h">
      <Filter>Source Files\Utility</Filter>
    </ClInclude>
    <ClInclude Include="source\RingBuffer.h">
      <Filter>Source Files\Utility</Filter>
    </ClInclude>
    <ClInclude Include="source\VolumeModifier.h">
      <Filter>Source Files\Utility</Filter>
    </ClInclude>
  </ItemGroup>
</Project>